
Microsoft Visual Studio Solution File, Format Version 12.00
# Visual Studio Version 17
VisualStudioVersion = 17.4.33213.308
MinimumVisualStudioVersion = 10.0.40219.1
Project("{FAE04EC0-301F-11D3-BF4B-00C04F79EFBC}") = "Host", "Host\Host.csproj", "{19A40EE5-4212-4565-A943-408E88AB8EE7}"
EndProject
Project("{FAE04EC0-301F-11D3-BF4B-00C04F79EFBC}") = "Client", "Client\Client.csproj", "{B4FBA9E0-B564-479D-835A-94EC748CD404}"
	ProjectSection(ProjectDependencies) = postProject
		{19A40EE5-4212-4565-A943-408E88AB8EE7} = {19A40EE5-4212-4565-A943-408E88AB8EE7}
	EndProjectSection
EndProject
Project("{9A19103F-16F7-4668-BE54-9A1E7A4F7556}") = "Chat.Domain", "..\Chat.Domain\Chat.Domain.csproj", "{1168D145-5F22-434C-9A98-0F412094A297}"
EndProject
Project("{9A19103F-16F7-4668-BE54-9A1E7A4F7556}") = "GrpcStreaming", "GrpcStreaming\GrpcStreaming.csproj", "{C6E7E123-5DC8-46AF-9137-82538453F381}"
EndProject
Project("{FAE04EC0-301F-11D3-BF4B-00C04F79EFBC}") = "GrpcStreamingClient", "GrpcStreamingClient\GrpcStreamingClient.csproj", "{D8645DE5-A697-446D-B16D-1B4BBE5C6E2A}"
EndProject
Global
	GlobalSection(SolutionConfigurationPlatforms) = preSolution
		Debug|Any CPU = Debug|Any CPU
		Release|Any CPU = Release|Any CPU
	EndGlobalSection
	GlobalSection(ProjectConfigurationPlatforms) = postSolution
		{19A40EE5-4212-4565-A943-408E88AB8EE7}.Debug|Any CPU.ActiveCfg = Debug|Any CPU
		{19A40EE5-4212-4565-A943-408E88AB8EE7}.Debug|Any CPU.Build.0 = Debug|Any CPU
		{19A40EE5-4212-4565-A943-408E88AB8EE7}.Release|Any CPU.ActiveCfg = Release|Any CPU
		{19A40EE5-4212-4565-A943-408E88AB8EE7}.Release|Any CPU.Build.0 = Release|Any CPU
		{B4FBA9E0-B564-479D-835A-94EC748CD404}.Debug|Any CPU.ActiveCfg = Debug|Any CPU
		{B4FBA9E0-B564-479D-835A-94EC748CD404}.Debug|Any CPU.Build.0 = Debug|Any CPU
		{B4FBA9E0-B564-479D-835A-94EC748CD404}.Release|Any CPU.ActiveCfg = Release|Any CPU
		{B4FBA9E0-B564-479D-835A-94EC748CD404}.Release|Any CPU.Build.0 = Release|Any CPU
		{1168D145-5F22-434C-9A98-0F412094A297}.Debug|Any CPU.ActiveCfg = Debug|Any CPU
		{1168D145-5F22-434C-9A98-0F412094A297}.Debug|Any CPU.Build.0 = Debug|Any CPU
		{1168D145-5F22-434C-9A98-0F412094A297}.Release|Any CPU.ActiveCfg = Release|Any CPU
		{1168D145-5F22-434C-9A98-0F412094A297}.Release|Any CPU.Build.0 = Release|Any CPU
		{C6E7E123-5DC8-46AF-9137-82538453F381}.Debug|Any CPU.ActiveCfg = Debug|Any CPU
		{C6E7E123-5DC8-46AF-9137-82538453F381}.Debug|Any CPU.Build.0 = Debug|Any CPU
		{C6E7E123-5DC8-46AF-9137-82538453F381}.Release|Any CPU.ActiveCfg = Release|Any CPU
		{C6E7E123-5DC8-46AF-9137-82538453F381}.Release|Any CPU.Build.0 = Release|Any CPU
		{D8645DE5-A697-446D-B16D-1B4BBE5C6E2A}.Debug|Any CPU.ActiveCfg = Debug|Any CPU
		{D8645DE5-A697-446D-B16D-1B4BBE5C6E2A}.Debug|Any CPU.Build.0 = Debug|Any CPU
		{D8645DE5-A697-446D-B16D-1B4BBE5C6E2A}.Release|Any CPU.ActiveCfg = Release|Any CPU
		{D8645DE5-A697-446D-B16D-1B4BBE5C6E2A}.Release|Any CPU.Build.0 = Release|Any CPU
	EndGlobalSection
	GlobalSection(SolutionProperties) = preSolution
		HideSolutionNode = FALSE
	EndGlobalSection
	GlobalSection(ExtensibilityGlobals) = postSolution
		SolutionGuid = {509567C5-3715-4A0F-8339-2A5C3BFBD1A9}
	EndGlobalSection
EndGlobal
