
Microsoft Visual Studio Solution File, Format Version 12.00
# Visual Studio Version 17
VisualStudioVersion = 17.4.33213.308
MinimumVisualStudioVersion = 10.0.40219.1
Project("{FAE04EC0-301F-11D3-BF4B-00C04F79EFBC}") = "WcfHost", "Host\WcfHost.csproj", "{19A40EE5-4212-4565-A943-408E88AB8EE7}"
EndProject
Project("{FAE04EC0-301F-11D3-BF4B-00C04F79EFBC}") = "WcfClient", "Client\WcfClient.csproj", "{B4FBA9E0-B564-479D-835A-94EC748CD404}"
	ProjectSection(ProjectDependencies) = postProject
		{19A40EE5-4212-4565-A943-408E88AB8EE7} = {19A40EE5-4212-4565-A943-408E88AB8EE7}
	EndProjectSection
EndProject
Project("{9A19103F-16F7-4668-BE54-9A1E7A4F7556}") = "Chat.Domain", "..\Chat.Domain\Chat.Domain.csproj", "{1168D145-5F22-434C-9A98-0F412094A297}"
EndProject
Project("{9A19103F-16F7-4668-BE54-9A1E7A4F7556}") = "SignalRServer", "SignalRServer\SignalRServer.csproj", "{16BCDE46-BBF9-48B7-86A4-C65827BCAB7C}"
EndProject
Project("{9A19103F-16F7-4668-BE54-9A1E7A4F7556}") = "SignalRClient", "SignalRClient\SignalRClient.csproj", "{874B4960-4176-4453-B1D0-615F554EADF9}"
EndProject
Project("{FAE04EC0-301F-11D3-BF4B-00C04F79EFBC}") = "DomainTest", "DomainTest\DomainTest.csproj", "{D7EB4A0F-FA35-4FB1-990F-6167A76FCAC1}"
EndProject
Project("{9A19103F-16F7-4668-BE54-9A1E7A4F7556}") = "Chat.Grpc.Server", "Chat.Grpc.Server\Chat.Grpc.Server.csproj", "{6F7355AB-F17E-4778-8591-013A8E44C648}"
EndProject
Project("{9A19103F-16F7-4668-BE54-9A1E7A4F7556}") = "Chat.Grpc.Client", "Chat.Grpc.Client\Chat.Grpc.Client.csproj", "{737B2924-BAE1-4EA1-A352-C5C267B61602}"
EndProject
Project("{FAE04EC0-301F-11D3-BF4B-00C04F79EFBC}") = "RabbitMqProducer", "RabbitMqProducer\RabbitMqProducer.csproj", "{05ED1F13-F4EF-4C32-9420-E13AF65DD069}"
EndProject
Project("{FAE04EC0-301F-11D3-BF4B-00C04F79EFBC}") = "RabbitMq", "RabbitMq\RabbitMq.csproj", "{864A0F14-1D58-4C5C-9D7F-7D69C75BC53C}"
EndProject
Global
	GlobalSection(SolutionConfigurationPlatforms) = preSolution
		Debug|Any CPU = Debug|Any CPU
		Release|Any CPU = Release|Any CPU
	EndGlobalSection
	GlobalSection(ProjectConfigurationPlatforms) = postSolution
		{19A40EE5-4212-4565-A943-408E88AB8EE7}.Debug|Any CPU.ActiveCfg = Debug|Any CPU
		{19A40EE5-4212-4565-A943-408E88AB8EE7}.Debug|Any CPU.Build.0 = Debug|Any CPU
		{19A40EE5-4212-4565-A943-408E88AB8EE7}.Release|Any CPU.ActiveCfg = Release|Any CPU
		{19A40EE5-4212-4565-A943-408E88AB8EE7}.Release|Any CPU.Build.0 = Release|Any CPU
		{B4FBA9E0-B564-479D-835A-94EC748CD404}.Debug|Any CPU.ActiveCfg = Debug|Any CPU
		{B4FBA9E0-B564-479D-835A-94EC748CD404}.Debug|Any CPU.Build.0 = Debug|Any CPU
		{B4FBA9E0-B564-479D-835A-94EC748CD404}.Release|Any CPU.ActiveCfg = Release|Any CPU
		{B4FBA9E0-B564-479D-835A-94EC748CD404}.Release|Any CPU.Build.0 = Release|Any CPU
		{1168D145-5F22-434C-9A98-0F412094A297}.Debug|Any CPU.ActiveCfg = Debug|Any CPU
		{1168D145-5F22-434C-9A98-0F412094A297}.Debug|Any CPU.Build.0 = Debug|Any CPU
		{1168D145-5F22-434C-9A98-0F412094A297}.Release|Any CPU.ActiveCfg = Release|Any CPU
		{1168D145-5F22-434C-9A98-0F412094A297}.Release|Any CPU.Build.0 = Release|Any CPU
		{16BCDE46-BBF9-48B7-86A4-C65827BCAB7C}.Debug|Any CPU.ActiveCfg = Debug|Any CPU
		{16BCDE46-BBF9-48B7-86A4-C65827BCAB7C}.Debug|Any CPU.Build.0 = Debug|Any CPU
		{16BCDE46-BBF9-48B7-86A4-C65827BCAB7C}.Release|Any CPU.ActiveCfg = Release|Any CPU
		{16BCDE46-BBF9-48B7-86A4-C65827BCAB7C}.Release|Any CPU.Build.0 = Release|Any CPU
		{874B4960-4176-4453-B1D0-615F554EADF9}.Debug|Any CPU.ActiveCfg = Debug|Any CPU
		{874B4960-4176-4453-B1D0-615F554EADF9}.Debug|Any CPU.Build.0 = Debug|Any CPU
		{874B4960-4176-4453-B1D0-615F554EADF9}.Release|Any CPU.ActiveCfg = Release|Any CPU
		{874B4960-4176-4453-B1D0-615F554EADF9}.Release|Any CPU.Build.0 = Release|Any CPU
		{D7EB4A0F-FA35-4FB1-990F-6167A76FCAC1}.Debug|Any CPU.ActiveCfg = Debug|Any CPU
		{D7EB4A0F-FA35-4FB1-990F-6167A76FCAC1}.Debug|Any CPU.Build.0 = Debug|Any CPU
		{D7EB4A0F-FA35-4FB1-990F-6167A76FCAC1}.Release|Any CPU.ActiveCfg = Release|Any CPU
		{D7EB4A0F-FA35-4FB1-990F-6167A76FCAC1}.Release|Any CPU.Build.0 = Release|Any CPU
		{6F7355AB-F17E-4778-8591-013A8E44C648}.Debug|Any CPU.ActiveCfg = Debug|Any CPU
		{6F7355AB-F17E-4778-8591-013A8E44C648}.Debug|Any CPU.Build.0 = Debug|Any CPU
		{6F7355AB-F17E-4778-8591-013A8E44C648}.Release|Any CPU.ActiveCfg = Release|Any CPU
		{6F7355AB-F17E-4778-8591-013A8E44C648}.Release|Any CPU.Build.0 = Release|Any CPU
		{737B2924-BAE1-4EA1-A352-C5C267B61602}.Debug|Any CPU.ActiveCfg = Debug|Any CPU
		{737B2924-BAE1-4EA1-A352-C5C267B61602}.Debug|Any CPU.Build.0 = Debug|Any CPU
		{737B2924-BAE1-4EA1-A352-C5C267B61602}.Release|Any CPU.ActiveCfg = Release|Any CPU
		{737B2924-BAE1-4EA1-A352-C5C267B61602}.Release|Any CPU.Build.0 = Release|Any CPU
		{05ED1F13-F4EF-4C32-9420-E13AF65DD069}.Debug|Any CPU.ActiveCfg = Debug|Any CPU
		{05ED1F13-F4EF-4C32-9420-E13AF65DD069}.Debug|Any CPU.Build.0 = Debug|Any CPU
		{05ED1F13-F4EF-4C32-9420-E13AF65DD069}.Release|Any CPU.ActiveCfg = Release|Any CPU
		{05ED1F13-F4EF-4C32-9420-E13AF65DD069}.Release|Any CPU.Build.0 = Release|Any CPU
		{864A0F14-1D58-4C5C-9D7F-7D69C75BC53C}.Debug|Any CPU.ActiveCfg = Debug|Any CPU
		{864A0F14-1D58-4C5C-9D7F-7D69C75BC53C}.Debug|Any CPU.Build.0 = Debug|Any CPU
		{864A0F14-1D58-4C5C-9D7F-7D69C75BC53C}.Release|Any CPU.ActiveCfg = Release|Any CPU
		{864A0F14-1D58-4C5C-9D7F-7D69C75BC53C}.Release|Any CPU.Build.0 = Release|Any CPU
	EndGlobalSection
	GlobalSection(SolutionProperties) = preSolution
		HideSolutionNode = FALSE
	EndGlobalSection
	GlobalSection(ExtensibilityGlobals) = postSolution
		SolutionGuid = {509567C5-3715-4A0F-8339-2A5C3BFBD1A9}
	EndGlobalSection
EndGlobal
